
Microsoft Visual Studio Solution File, Format Version 12.00
# Visual Studio Version 17
VisualStudioVersion = 17.4.33103.184
MinimumVisualStudioVersion = 10.0.40219.1
Project("{8BC9CEB8-8B4A-11D0-8D11-00A0C91BC942}") = "StlAlgorithmProject", "StlAlgorithmProject\StlAlgorithmProject.vcxproj", "{6AB3E93C-183E-4560-A025-5BA9ECDAD8EB}"
EndProject
Global
	GlobalSection(SolutionConfigurationPlatforms) = preSolution
		Debug|x64 = Debug|x64
		Debug|x86 = Debug|x86
		Release|x64 = Release|x64
		Release|x86 = Release|x86
	EndGlobalSection
	GlobalSection(ProjectConfigurationPlatforms) = postSolution
		{6AB3E93C-183E-4560-A025-5BA9ECDAD8EB}.Debug|x64.ActiveCfg = Debug|x64
		{6AB3E93C-183E-4560-A025-5BA9ECDAD8EB}.Debug|x64.Build.0 = Debug|x64
		{6AB3E93C-183E-4560-A025-5BA9ECDAD8EB}.Debug|x86.ActiveCfg = Debug|Win32
		{6AB3E93C-183E-4560-A025-5BA9ECDAD8EB}.Debug|x86.Build.0 = Debug|Win32
		{6AB3E93C-183E-4560-A025-5BA9ECDAD8EB}.Release|x64.ActiveCfg = Release|x64
		{6AB3E93C-183E-4560-A025-5BA9ECDAD8EB}.Release|x64.Build.0 = Release|x64
		{6AB3E93C-183E-4560-A025-5BA9ECDAD8EB}.Release|x86.ActiveCfg = Release|Win32
		{6AB3E93C-183E-4560-A025-5BA9ECDAD8EB}.Release|x86.Build.0 = Release|Win32
	EndGlobalSection
	GlobalSection(SolutionProperties) = preSolution
		HideSolutionNode = FALSE
	EndGlobalSection
	GlobalSection(ExtensibilityGlobals) = postSolution
		SolutionGuid = {ADCE6E42-56A4-4DCA-97CF-8FC3DF542E99}
	EndGlobalSection
EndGlobal
